
Microsoft Visual Studio Solution File, Format Version 12.00
# Visual Studio 2013
VisualStudioVersion = 12.0.30501.0
MinimumVisualStudioVersion = 10.0.40219.1
Project("{FAE04EC0-301F-11D3-BF4B-00C04F79EFBC}") = "NancyKnockOutExample.API", "NancyKnockOutExample.API\NancyKnockOutExample.API.csproj", "{E4031218-5B9A-44E4-8BD4-8C518AF8EE74}"
EndProject
Project("{FAE04EC0-301F-11D3-BF4B-00C04F79EFBC}") = "NancyKnockOutExample.Web", "NancyKnockOutExample.Web\NancyKnockOutExample.Web.csproj", "{A736C166-DC3E-4360-BC39-CA5FADB55C2B}"
EndProject
Global
	GlobalSection(SolutionConfigurationPlatforms) = preSolution
		Debug|Any CPU = Debug|Any CPU
		Release|Any CPU = Release|Any CPU
	EndGlobalSection
	GlobalSection(ProjectConfigurationPlatforms) = postSolution
		{E4031218-5B9A-44E4-8BD4-8C518AF8EE74}.Debug|Any CPU.ActiveCfg = Debug|Any CPU
		{E4031218-5B9A-44E4-8BD4-8C518AF8EE74}.Debug|Any CPU.Build.0 = Debug|Any CPU
		{E4031218-5B9A-44E4-8BD4-8C518AF8EE74}.Release|Any CPU.ActiveCfg = Release|Any CPU
		{E4031218-5B9A-44E4-8BD4-8C518AF8EE74}.Release|Any CPU.Build.0 = Release|Any CPU
		{A736C166-DC3E-4360-BC39-CA5FADB55C2B}.Debug|Any CPU.ActiveCfg = Debug|Any CPU
		{A736C166-DC3E-4360-BC39-CA5FADB55C2B}.Debug|Any CPU.Build.0 = Debug|Any CPU
		{A736C166-DC3E-4360-BC39-CA5FADB55C2B}.Release|Any CPU.ActiveCfg = Release|Any CPU
		{A736C166-DC3E-4360-BC39-CA5FADB55C2B}.Release|Any CPU.Build.0 = Release|Any CPU
	EndGlobalSection
	GlobalSection(SolutionProperties) = preSolution
		HideSolutionNode = FALSE
	EndGlobalSection
EndGlobal
